
Microsoft Visual Studio Solution File, Format Version 12.00
Project("{FAE04EC0-301F-11D3-BF4B-00C04F79EFBC}") = "BookApi", "BookApi\BookApi.csproj", "{8507C75B-37B7-42B2-9B6B-0450086E9A40}"
EndProject
Global
	GlobalSection(SolutionConfigurationPlatforms) = preSolution
		Debug|Any CPU = Debug|Any CPU
		Release|Any CPU = Release|Any CPU
	EndGlobalSection
	GlobalSection(ProjectConfigurationPlatforms) = postSolution
		{8507C75B-37B7-42B2-9B6B-0450086E9A40}.Debug|Any CPU.ActiveCfg = Debug|Any CPU
		{8507C75B-37B7-42B2-9B6B-0450086E9A40}.Debug|Any CPU.Build.0 = Debug|Any CPU
		{8507C75B-37B7-42B2-9B6B-0450086E9A40}.Release|Any CPU.ActiveCfg = Release|Any CPU
		{8507C75B-37B7-42B2-9B6B-0450086E9A40}.Release|Any CPU.Build.0 = Release|Any CPU
	EndGlobalSection
EndGlobal
